
Microsoft Visual Studio Solution File, Format Version 12.00
# Visual Studio Version 17
VisualStudioVersion = 17.12.35527.113 d17.12
MinimumVisualStudioVersion = 10.0.40219.1
Project("{FAE04EC0-301F-11D3-BF4B-00C04F79EFBC}") = "PedidosApp", "PedidosApp\PedidosApp.csproj", "{F0C8FC0E-905C-4ABC-927D-70F6E0D76921}"
EndProject
Global
	GlobalSection(SolutionConfigurationPlatforms) = preSolution
		Debug|Any CPU = Debug|Any CPU
		Release|Any CPU = Release|Any CPU
	EndGlobalSection
	GlobalSection(ProjectConfigurationPlatforms) = postSolution
		{F0C8FC0E-905C-4ABC-927D-70F6E0D76921}.Debug|Any CPU.ActiveCfg = Debug|Any CPU
		{F0C8FC0E-905C-4ABC-927D-70F6E0D76921}.Debug|Any CPU.Build.0 = Debug|Any CPU
		{F0C8FC0E-905C-4ABC-927D-70F6E0D76921}.Release|Any CPU.ActiveCfg = Release|Any CPU
		{F0C8FC0E-905C-4ABC-927D-70F6E0D76921}.Release|Any CPU.Build.0 = Release|Any CPU
	EndGlobalSection
	GlobalSection(SolutionProperties) = preSolution
		HideSolutionNode = FALSE
	EndGlobalSection
EndGlobal
